// !$*UTF8*$!
{
	archiveVersion = 1;
	classes = {
	};
	objectVersion = 55;
	objects = {

/* Begin PBXBuildFile section */
		0BCEF25B28B83C64003D79BD /* AppDelegate.swift in Sources */ = {isa = PBXBuildFile; fileRef = 0BCEF25A28B83C64003D79BD /* AppDelegate.swift */; };
		0BCEF25D28B83C64003D79BD /* SceneDelegate.swift in Sources */ = {isa = PBXBuildFile; fileRef = 0BCEF25C28B83C64003D79BD /* SceneDelegate.swift */; };
		0BCEF25F28B83C64003D79BD /* ViewController.swift in Sources */ = {isa = PBXBuildFile; fileRef = 0BCEF25E28B83C64003D79BD /* ViewController.swift */; };
		0BCEF26228B83C64003D79BD /* Main.storyboard in Resources */ = {isa = PBXBuildFile; fileRef = 0BCEF26028B83C64003D79BD /* Main.storyboard */; };
		0BCEF26428B83C64003D79BD /* Assets.xcassets in Resources */ = {isa = PBXBuildFile; fileRef = 0BCEF26328B83C64003D79BD /* Assets.xcassets */; };
		0BCEF26728B83C64003D79BD /* LaunchScreen.storyboard in Resources */ = {isa = PBXBuildFile; fileRef = 0BCEF26528B83C64003D79BD /* LaunchScreen.storyboard */; };
		0BCEF27228B83C65003D79BD /* MemopadTests.swift in Sources */ = {isa = PBXBuildFile; fileRef = 0BCEF27128B83C65003D79BD /* MemopadTests.swift */; };
		0BCEF27C28B83C65003D79BD /* MemopadUITests.swift in Sources */ = {isa = PBXBuildFile; fileRef = 0BCEF27B28B83C65003D79BD /* MemopadUITests.swift */; };
		0BCEF27E28B83C65003D79BD /* MemopadUITestsLaunchTests.swift in Sources */ = {isa = PBXBuildFile; fileRef = 0BCEF27D28B83C65003D79BD /* MemopadUITestsLaunchTests.swift */; };
/* End PBXBuildFile section */

/* Begin PBXContainerItemProxy section */
		0BCEF26E28B83C65003D79BD /* PBXContainerItemProxy */ = {
			isa = PBXContainerItemProxy;
			containerPortal = 0BCEF24F28B83C64003D79BD /* Project object */;
			proxyType = 1;
			remoteGlobalIDString = 0BCEF25628B83C64003D79BD;
			remoteInfo = Memopad;
		};
		0BCEF27828B83C65003D79BD /* PBXContainerItemProxy */ = {
			isa = PBXContainerItemProxy;
			containerPortal = 0BCEF24F28B83C64003D79BD /* Project object */;
			proxyType = 1;
			remoteGlobalIDString = 0BCEF25628B83C64003D79BD;
			remoteInfo = Memopad;
		};
/* End PBXContainerItemProxy section */

/* Begin PBXFileReference section */
		0BCEF25728B83C64003D79BD /* Memopad.app */ = {isa = PBXFileReference; explicitFileType = wrapper.application; includeInIndex = 0; path = Memopad.app; sourceTree = BUILT_PRODUCTS_DIR; };
		0BCEF25A28B83C64003D79BD /* AppDelegate.swift */ = {isa = PBXFileReference; lastKnownFileType = sourcecode.swift; path = AppDelegate.swift; sourceTree = "<group>"; };
		0BCEF25C28B83C64003D79BD /* SceneDelegate.swift */ = {isa = PBXFileReference; lastKnownFileType = sourcecode.swift; path = SceneDelegate.swift; sourceTree = "<group>"; };
		0BCEF25E28B83C64003D79BD /* ViewController.swift */ = {isa = PBXFileReference; lastKnownFileType = sourcecode.swift; path = ViewController.swift; sourceTree = "<group>"; };
		0BCEF26128B83C64003D79BD /* Base */ = {isa = PBXFileReference; lastKnownFileType = file.storyboard; name = Base; path = Base.lproj/Main.storyboard; sourceTree = "<group>"; };
		0BCEF26328B83C64003D79BD /* Assets.xcassets */ = {isa = PBXFileReference; lastKnownFileType = folder.assetcatalog; path = Assets.xcassets; sourceTree = "<group>"; };
		0BCEF26628B83C64003D79BD /* Base */ = {isa = PBXFileReference; lastKnownFileType = file.storyboard; name = Base; path = Base.lproj/LaunchScreen.storyboard; sourceTree = "<group>"; };
		0BCEF26828B83C64003D79BD /* Info.plist */ = {isa = PBXFileReference; lastKnownFileType = text.plist.xml; path = Info.plist; sourceTree = "<group>"; };
		0BCEF26D28B83C65003D79BD /* MemopadTests.xctest */ = {isa = PBXFileReference; explicitFileType = wrapper.cfbundle; includeInIndex = 0; path = MemopadTests.xctest; sourceTree = BUILT_PRODUCTS_DIR; };
		0BCEF27128B83C65003D79BD /* MemopadTests.swift */ = {isa = PBXFileReference; lastKnownFileType = sourcecode.swift; path = MemopadTests.swift; sourceTree = "<group>"; };
		0BCEF27728B83C65003D79BD /* MemopadUITests.xctest */ = {isa = PBXFileReference; explicitFileType = wrapper.cfbundle; includeInIndex = 0; path = MemopadUITests.xctest; sourceTree = BUILT_PRODUCTS_DIR; };
		0BCEF27B28B83C65003D79BD /* MemopadUITests.swift */ = {isa = PBXFileReference; lastKnownFileType = sourcecode.swift; path = MemopadUITests.swift; sourceTree = "<group>"; };
		0BCEF27D28B83C65003D79BD /* MemopadUITestsLaunchTests.swift */ = {isa = PBXFileReference; lastKnownFileType = sourcecode.swift; path = MemopadUITestsLaunchTests.swift; sourceTree = "<group>"; };
/* End PBXFileReference section */

/* Begin PBXFrameworksBuildPhase section */
		0BCEF25428B83C64003D79BD /* Frameworks */ = {
			isa = PBXFrameworksBuildPhase;
			buildActionMask = 2147483647;
			files = (
			);
			runOnlyForDeploymentPostprocessing = 0;
		};
		0BCEF26A28B83C65003D79BD /* Frameworks */ = {
			isa = PBXFrameworksBuildPhase;
			buildActionMask = 2147483647;
			files = (
			);
			runOnlyForDeploymentPostprocessing = 0;
		};
		0BCEF27428B83C65003D79BD /* Frameworks */ = {
			isa = PBXFrameworksBuildPhase;
			buildActionMask = 2147483647;
			files = (
			);
			runOnlyForDeploymentPostprocessing = 0;
		};
/* End PBXFrameworksBuildPhase section */

/* Begin PBXGroup section */
		0BCEF24E28B83C64003D79BD = {
			isa = PBXGroup;
			children = (
				0BCEF25928B83C64003D79BD /* Memopad */,
				0BCEF27028B83C65003D79BD /* MemopadTests */,
				0BCEF27A28B83C65003D79BD /* MemopadUITests */,
				0BCEF25828B83C64003D79BD /* Products */,
			);
			sourceTree = "<group>";
		};
		0BCEF25828B83C64003D79BD /* Products */ = {
			isa = PBXGroup;
			children = (
				0BCEF25728B83C64003D79BD /* Memopad.app */,
				0BCEF26D28B83C65003D79BD /* MemopadTests.xctest */,
				0BCEF27728B83C65003D79BD /* MemopadUITests.xctest */,
			);
			name = Products;
			sourceTree = "<group>";
		};
		0BCEF25928B83C64003D79BD /* Memopad */ = {
			isa = PBXGroup;
			children = (
				0BCEF25A28B83C64003D79BD /* AppDelegate.swift */,
				0BCEF25C28B83C64003D79BD /* SceneDelegate.swift */,
				0BCEF25E28B83C64003D79BD /* ViewController.swift */,
				0BCEF26028B83C64003D79BD /* Main.storyboard */,
				0BCEF26328B83C64003D79BD /* Assets.xcassets */,
				0BCEF26528B83C64003D79BD /* LaunchScreen.storyboard */,
				0BCEF26828B83C64003D79BD /* Info.plist */,
			);
			path = Memopad;
			sourceTree = "<group>";
		};
		0BCEF27028B83C65003D79BD /* MemopadTests */ = {
			isa = PBXGroup;
			children = (
				0BCEF27128B83C65003D79BD /* MemopadTests.swift */,
			);
			path = MemopadTests;
			sourceTree = "<group>";
		};
		0BCEF27A28B83C65003D79BD /* MemopadUITests */ = {
			isa = PBXGroup;
			children = (
				0BCEF27B28B83C65003D79BD /* MemopadUITests.swift */,
				0BCEF27D28B83C65003D79BD /* MemopadUITestsLaunchTests.swift */,
			);
			path = MemopadUITests;
			sourceTree = "<group>";
		};
/* End PBXGroup section */

/* Begin PBXNativeTarget section */
		0BCEF25628B83C64003D79BD /* Memopad */ = {
			isa = PBXNativeTarget;
			buildConfigurationList = 0BCEF28128B83C65003D79BD /* Build configuration list for PBXNativeTarget "Memopad" */;
			buildPhases = (
				0BCEF25328B83C64003D79BD /* Sources */,
				0BCEF25428B83C64003D79BD /* Frameworks */,
				0BCEF25528B83C64003D79BD /* Resources */,
			);
			buildRules = (
			);
			dependencies = (
			);
			name = Memopad;
			productName = Memopad;
			productReference = 0BCEF25728B83C64003D79BD /* Memopad.app */;
			productType = "com.apple.product-type.application";
		};
		0BCEF26C28B83C65003D79BD /* MemopadTests */ = {
			isa = PBXNativeTarget;
			buildConfigurationList = 0BCEF28428B83C65003D79BD /* Build configuration list for PBXNativeTarget "MemopadTests" */;
			buildPhases = (
				0BCEF26928B83C65003D79BD /* Sources */,
				0BCEF26A28B83C65003D79BD /* Frameworks */,
				0BCEF26B28B83C65003D79BD /* Resources */,
			);
			buildRules = (
			);
			dependencies = (
				0BCEF26F28B83C65003D79BD /* PBXTargetDependency */,
			);
			name = MemopadTests;
			productName = MemopadTests;
			productReference = 0BCEF26D28B83C65003D79BD /* MemopadTests.xctest */;
			productType = "com.apple.product-type.bundle.unit-test";
		};
		0BCEF27628B83C65003D79BD /* MemopadUITests */ = {
			isa = PBXNativeTarget;
			buildConfigurationList = 0BCEF28728B83C65003D79BD /* Build configuration list for PBXNativeTarget "MemopadUITests" */;
			buildPhases = (
				0BCEF27328B83C65003D79BD /* Sources */,
				0BCEF27428B83C65003D79BD /* Frameworks */,
				0BCEF27528B83C65003D79BD /* Resources */,
			);
			buildRules = (
			);
			dependencies = (
				0BCEF27928B83C65003D79BD /* PBXTargetDependency */,
			);
			name = MemopadUITests;
			productName = MemopadUITests;
			productReference = 0BCEF27728B83C65003D79BD /* MemopadUITests.xctest */;
			productType = "com.apple.product-type.bundle.ui-testing";
		};
/* End PBXNativeTarget section */

/* Begin PBXProject section */
		0BCEF24F28B83C64003D79BD /* Project object */ = {
			isa = PBXProject;
			attributes = {
				BuildIndependentTargetsInParallel = 1;
				LastSwiftUpdateCheck = 1340;
				LastUpgradeCheck = 1340;
				TargetAttributes = {
					0BCEF25628B83C64003D79BD = {
						CreatedOnToolsVersion = 13.4.1;
					};
					0BCEF26C28B83C65003D79BD = {
						CreatedOnToolsVersion = 13.4.1;
						TestTargetID = 0BCEF25628B83C64003D79BD;
					};
					0BCEF27628B83C65003D79BD = {
						CreatedOnToolsVersion = 13.4.1;
						TestTargetID = 0BCEF25628B83C64003D79BD;
					};
				};
			};
			buildConfigurationList = 0BCEF25228B83C64003D79BD /* Build configuration list for PBXProject "Memopad" */;
			compatibilityVersion = "Xcode 13.0";
			developmentRegion = en;
			hasScannedForEncodings = 0;
			knownRegions = (
				en,
				Base,
			);
			mainGroup = 0BCEF24E28B83C64003D79BD;
			productRefGroup = 0BCEF25828B83C64003D79BD /* Products */;
			projectDirPath = "";
			projectRoot = "";
			targets = (
				0BCEF25628B83C64003D79BD /* Memopad */,
				0BCEF26C28B83C65003D79BD /* MemopadTests */,
				0BCEF27628B83C65003D79BD /* MemopadUITests */,
			);
		};
/* End PBXProject section */

/* Begin PBXResourcesBuildPhase section */
		0BCEF25528B83C64003D79BD /* Resources */ = {
			isa = PBXResourcesBuildPhase;
			buildActionMask = 2147483647;
			files = (
				0BCEF26728B83C64003D79BD /* LaunchScreen.storyboard in Resources */,
				0BCEF26428B83C64003D79BD /* Assets.xcassets in Resources */,
				0BCEF26228B83C64003D79BD /* Main.storyboard in Resources */,
			);
			runOnlyForDeploymentPostprocessing = 0;
		};
		0BCEF26B28B83C65003D79BD /* Resources */ = {
			isa = PBXResourcesBuildPhase;
			buildActionMask = 2147483647;
			files = (
			);
			runOnlyForDeploymentPostprocessing = 0;
		};
		0BCEF27528B83C65003D79BD /* Resources */ = {
			isa = PBXResourcesBuildPhase;
			buildActionMask = 2147483647;
			files = (
			);
			runOnlyForDeploymentPostprocessing = 0;
		};
/* End PBXResourcesBuildPhase section */

/* Begin PBXSourcesBuildPhase section */
		0BCEF25328B83C64003D79BD /* Sources */ = {
			isa = PBXSourcesBuildPhase;
			buildActionMask = 2147483647;
			files = (
				0BCEF25F28B83C64003D79BD /* ViewController.swift in Sources */,
				0BCEF25B28B83C64003D79BD /* AppDelegate.swift in Sources */,
				0BCEF25D28B83C64003D79BD /* SceneDelegate.swift in Sources */,
			);
			runOnlyForDeploymentPostprocessing = 0;
		};
		0BCEF26928B83C65003D79BD /* Sources */ = {
			isa = PBXSourcesBuildPhase;
			buildActionMask = 2147483647;
			files = (
				0BCEF27228B83C65003D79BD /* MemopadTests.swift in Sources */,
			);
			runOnlyForDeploymentPostprocessing = 0;
		};
		0BCEF27328B83C65003D79BD /* Sources */ = {
			isa = PBXSourcesBuildPhase;
			buildActionMask = 2147483647;
			files = (
				0BCEF27E28B83C65003D79BD /* MemopadUITestsLaunchTests.swift in Sources */,
				0BCEF27C28B83C65003D79BD /* MemopadUITests.swift in Sources */,
			);
			runOnlyForDeploymentPostprocessing = 0;
		};
/* End PBXSourcesBuildPhase section */

/* Begin PBXTargetDependency section */
		0BCEF26F28B83C65003D79BD /* PBXTargetDependency */ = {
			isa = PBXTargetDependency;
			target = 0BCEF25628B83C64003D79BD /* Memopad */;
			targetProxy = 0BCEF26E28B83C65003D79BD /* PBXContainerItemProxy */;
		};
		0BCEF27928B83C65003D79BD /* PBXTargetDependency */ = {
			isa = PBXTargetDependency;
			target = 0BCEF25628B83C64003D79BD /* Memopad */;
			targetProxy = 0BCEF27828B83C65003D79BD /* PBXContainerItemProxy */;
		};
/* End PBXTargetDependency section */

/* Begin PBXVariantGroup section */
		0BCEF26028B83C64003D79BD /* Main.storyboard */ = {
			isa = PBXVariantGroup;
			children = (
				0BCEF26128B83C64003D79BD /* Base */,
			);
			name = Main.storyboard;
			sourceTree = "<group>";
		};
		0BCEF26528B83C64003D79BD /* LaunchScreen.storyboard */ = {
			isa = PBXVariantGroup;
			children = (
				0BCEF26628B83C64003D79BD /* Base */,
			);
			name = LaunchScreen.storyboard;
			sourceTree = "<group>";
		};
/* End PBXVariantGroup section */

/* Begin XCBuildConfiguration section */
		0BCEF27F28B83C65003D79BD /* Debug */ = {
			isa = XCBuildConfiguration;
			buildSettings = {
				ALWAYS_SEARCH_USER_PATHS = NO;
				CLANG_ANALYZER_NONNULL = YES;
				CLANG_ANALYZER_NUMBER_OBJECT_CONVERSION = YES_AGGRESSIVE;
				CLANG_CXX_LANGUAGE_STANDARD = "gnu++17";
				CLANG_ENABLE_MODULES = YES;
				CLANG_ENABLE_OBJC_ARC = YES;
				CLANG_ENABLE_OBJC_WEAK = YES;
				CLANG_WARN_BLOCK_CAPTURE_AUTORELEASING = YES;
				CLANG_WARN_BOOL_CONVERSION = YES;
				CLANG_WARN_COMMA = YES;
				CLANG_WARN_CONSTANT_CONVERSION = YES;
				CLANG_WARN_DEPRECATED_OBJC_IMPLEMENTATIONS = YES;
				CLANG_WARN_DIRECT_OBJC_ISA_USAGE = YES_ERROR;
				CLANG_WARN_DOCUMENTATION_COMMENTS = YES;
				CLANG_WARN_EMPTY_BODY = YES;
				CLANG_WARN_ENUM_CONVERSION = YES;
				CLANG_WARN_INFINITE_RECURSION = YES;
				CLANG_WARN_INT_CONVERSION = YES;
				CLANG_WARN_NON_LITERAL_NULL_CONVERSION = YES;
				CLANG_WARN_OBJC_IMPLICIT_RETAIN_SELF = YES;
				CLANG_WARN_OBJC_LITERAL_CONVERSION = YES;
				CLANG_WARN_OBJC_ROOT_CLASS = YES_ERROR;
				CLANG_WARN_QUOTED_INCLUDE_IN_FRAMEWORK_HEADER = YES;
				CLANG_WARN_RANGE_LOOP_ANALYSIS = YES;
				CLANG_WARN_STRICT_PROTOTYPES = YES;
				CLANG_WARN_SUSPICIOUS_MOVE = YES;
				CLANG_WARN_UNGUARDED_AVAILABILITY = YES_AGGRESSIVE;
				CLANG_WARN_UNREACHABLE_CODE = YES;
				CLANG_WARN__DUPLICATE_METHOD_MATCH = YES;
				COPY_PHASE_STRIP = NO;
				DEBUG_INFORMATION_FORMAT = dwarf;
				ENABLE_STRICT_OBJC_MSGSEND = YES;
				ENABLE_TESTABILITY = YES;
				GCC_C_LANGUAGE_STANDARD = gnu11;
				GCC_DYNAMIC_NO_PIC = NO;
				GCC_NO_COMMON_BLOCKS = YES;
				GCC_OPTIMIZATION_LEVEL = 0;
				GCC_PREPROCESSOR_DEFINITIONS = (
					"DEBUG=1",
					"$(inherited)",
				);
				GCC_WARN_64_TO_32_BIT_CONVERSION = YES;
				GCC_WARN_ABOUT_RETURN_TYPE = YES_ERROR;
				GCC_WARN_UNDECLARED_SELECTOR = YES;
				GCC_WARN_UNINITIALIZED_AUTOS = YES_AGGRESSIVE;
				GCC_WARN_UNUSED_FUNCTION = YES;
				GCC_WARN_UNUSED_VARIABLE = YES;
				IPHONEOS_DEPLOYMENT_TARGET = 15.5;
				MTL_ENABLE_DEBUG_INFO = INCLUDE_SOURCE;
				MTL_FAST_MATH = YES;
				ONLY_ACTIVE_ARCH = YES;
				SDKROOT = iphoneos;
				SWIFT_ACTIVE_COMPILATION_CONDITIONS = DEBUG;
				SWIFT_OPTIMIZATION_LEVEL = "-Onone";
			};
			name = Debug;
		};
		0BCEF28028B83C65003D79BD /* Release */ = {
			isa = XCBuildConfiguration;
			buildSettings = {
				ALWAYS_SEARCH_USER_PATHS = NO;
				CLANG_ANALYZER_NONNULL = YES;
				CLANG_ANALYZER_NUMBER_OBJECT_CONVERSION = YES_AGGRESSIVE;
				CLANG_CXX_LANGUAGE_STANDARD = "gnu++17";
				CLANG_ENABLE_MODULES = YES;
				CLANG_ENABLE_OBJC_ARC = YES;
				CLANG_ENABLE_OBJC_WEAK = YES;
				CLANG_WARN_BLOCK_CAPTURE_AUTORELEASING = YES;
				CLANG_WARN_BOOL_CONVERSION = YES;
				CLANG_WARN_COMMA = YES;
				CLANG_WARN_CONSTANT_CONVERSION = YES;
				CLANG_WARN_DEPRECATED_OBJC_IMPLEMENTATIONS = YES;
				CLANG_WARN_DIRECT_OBJC_ISA_USAGE = YES_ERROR;
				CLANG_WARN_DOCUMENTATION_COMMENTS = YES;
				CLANG_WARN_EMPTY_BODY = YES;
				CLANG_WARN_ENUM_CONVERSION = YES;
				CLANG_WARN_INFINITE_RECURSION = YES;
				CLANG_WARN_INT_CONVERSION = YES;
				CLANG_WARN_NON_LITERAL_NULL_CONVERSION = YES;
				CLANG_WARN_OBJC_IMPLICIT_RETAIN_SELF = YES;
				CLANG_WARN_OBJC_LITERAL_CONVERSION = YES;
				CLANG_WARN_OBJC_ROOT_CLASS = YES_ERROR;
				CLANG_WARN_QUOTED_INCLUDE_IN_FRAMEWORK_HEADER = YES;
				CLANG_WARN_RANGE_LOOP_ANALYSIS = YES;
				CLANG_WARN_STRICT_PROTOTYPES = YES;
				CLANG_WARN_SUSPICIOUS_MOVE = YES;
				CLANG_WARN_UNGUARDED_AVAILABILITY = YES_AGGRESSIVE;
				CLANG_WARN_UNREACHABLE_CODE = YES;
				CLANG_WARN__DUPLICATE_METHOD_MATCH = YES;
				COPY_PHASE_STRIP = NO;
				DEBUG_INFORMATION_FORMAT = "dwarf-with-dsym";
				ENABLE_NS_ASSERTIONS = NO;
				ENABLE_STRICT_OBJC_MSGSEND = YES;
				GCC_C_LANGUAGE_STANDARD = gnu11;
				GCC_NO_COMMON_BLOCKS = YES;
				GCC_WARN_64_TO_32_BIT_CONVERSION = YES;
				GCC_WARN_ABOUT_RETURN_TYPE = YES_ERROR;
				GCC_WARN_UNDECLARED_SELECTOR = YES;
				GCC_WARN_UNINITIALIZED_AUTOS = YES_AGGRESSIVE;
				GCC_WARN_UNUSED_FUNCTION = YES;
				GCC_WARN_UNUSED_VARIABLE = YES;
				IPHONEOS_DEPLOYMENT_TARGET = 15.5;
				MTL_ENABLE_DEBUG_INFO = NO;
				MTL_FAST_MATH = YES;
				SDKROOT = iphoneos;
				SWIFT_COMPILATION_MODE = wholemodule;
				SWIFT_OPTIMIZATION_LEVEL = "-O";
				VALIDATE_PRODUCT = YES;
			};
			name = Release;
		};
		0BCEF28228B83C65003D79BD /* Debug */ = {
			isa = XCBuildConfiguration;
			buildSettings = {
				ASSETCATALOG_COMPILER_APPICON_NAME = AppIcon;
				ASSETCATALOG_COMPILER_GLOBAL_ACCENT_COLOR_NAME = AccentColor;
				CODE_SIGN_STYLE = Automatic;
				CURRENT_PROJECT_VERSION = 1;
				GENERATE_INFOPLIST_FILE = YES;
				INFOPLIST_FILE = Memopad/Info.plist;
				INFOPLIST_KEY_UIApplicationSupportsIndirectInputEvents = YES;
				INFOPLIST_KEY_UILaunchStoryboardName = LaunchScreen;
				INFOPLIST_KEY_UIMainStoryboardFile = Main;
				INFOPLIST_KEY_UISupportedInterfaceOrientations_iPad = "UIInterfaceOrientationPortrait UIInterfaceOrientationPortraitUpsideDown UIInterfaceOrientationLandscapeLeft UIInterfaceOrientationLandscapeRight";
				INFOPLIST_KEY_UISupportedInterfaceOrientations_iPhone = "UIInterfaceOrientationPortrait UIInterfaceOrientationLandscapeLeft UIInterfaceOrientationLandscapeRight";
				LD_RUNPATH_SEARCH_PATHS = (
					"$(inherited)",
					"@executable_path/Frameworks",
				);
				MARKETING_VERSION = 1.0;
				PRODUCT_BUNDLE_IDENTIFIER = com.litech.Memopad;
				PRODUCT_NAME = "$(TARGET_NAME)";
				SWIFT_EMIT_LOC_STRINGS = YES;
				SWIFT_VERSION = 5.0;
				TARGETED_DEVICE_FAMILY = "1,2";
			};
			name = Debug;
		};
		0BCEF28328B83C65003D79BD /* Release */ = {
			isa = XCBuildConfiguration;
			buildSettings = {
				ASSETCATALOG_COMPILER_APPICON_NAME = AppIcon;
				ASSETCATALOG_COMPILER_GLOBAL_ACCENT_COLOR_NAME = AccentColor;
				CODE_SIGN_STYLE = Automatic;
				CURRENT_PROJECT_VERSION = 1;
				GENERATE_INFOPLIST_FILE = YES;
				INFOPLIST_FILE = Memopad/Info.plist;
				INFOPLIST_KEY_UIApplicationSupportsIndirectInputEvents = YES;
				INFOPLIST_KEY_UILaunchStoryboardName = LaunchScreen;
				INFOPLIST_KEY_UIMainStoryboardFile = Main;
				INFOPLIST_KEY_UISupportedInterfaceOrientations_iPad = "UIInterfaceOrientationPortrait UIInterfaceOrientationPortraitUpsideDown UIInterfaceOrientationLandscapeLeft UIInterfaceOrientationLandscapeRight";
				INFOPLIST_KEY_UISupportedInterfaceOrientations_iPhone = "UIInterfaceOrientationPortrait UIInterfaceOrientationLandscapeLeft UIInterfaceOrientationLandscapeRight";
				LD_RUNPATH_SEARCH_PATHS = (
					"$(inherited)",
					"@executable_path/Frameworks",
				);
				MARKETING_VERSION = 1.0;
				PRODUCT_BUNDLE_IDENTIFIER = com.litech.Memopad;
				PRODUCT_NAME = "$(TARGET_NAME)";
				SWIFT_EMIT_LOC_STRINGS = YES;
				SWIFT_VERSION = 5.0;
				TARGETED_DEVICE_FAMILY = "1,2";
			};
			name = Release;
		};
		0BCEF28528B83C65003D79BD /* Debug */ = {
			isa = XCBuildConfiguration;
			buildSettings = {
				ALWAYS_EMBED_SWIFT_STANDARD_LIBRARIES = YES;
				BUNDLE_LOADER = "$(TEST_HOST)";
				CODE_SIGN_STYLE = Automatic;
				CURRENT_PROJECT_VERSION = 1;
				GENERATE_INFOPLIST_FILE = YES;
				IPHONEOS_DEPLOYMENT_TARGET = 15.5;
				MARKETING_VERSION = 1.0;
				PRODUCT_BUNDLE_IDENTIFIER = com.litech.MemopadTests;
				PRODUCT_NAME = "$(TARGET_NAME)";
				SWIFT_EMIT_LOC_STRINGS = NO;
				SWIFT_VERSION = 5.0;
				TARGETED_DEVICE_FAMILY = "1,2";
				TEST_HOST = "$(BUILT_PRODUCTS_DIR)/Memopad.app/Memopad";
			};
			name = Debug;
		};
		0BCEF28628B83C65003D79BD /* Release */ = {
			isa = XCBuildConfiguration;
			buildSettings = {
				ALWAYS_EMBED_SWIFT_STANDARD_LIBRARIES = YES;
				BUNDLE_LOADER = "$(TEST_HOST)";
				CODE_SIGN_STYLE = Automatic;
				CURRENT_PROJECT_VERSION = 1;
				GENERATE_INFOPLIST_FILE = YES;
				IPHONEOS_DEPLOYMENT_TARGET = 15.5;
				MARKETING_VERSION = 1.0;
				PRODUCT_BUNDLE_IDENTIFIER = com.litech.MemopadTests;
				PRODUCT_NAME = "$(TARGET_NAME)";
				SWIFT_EMIT_LOC_STRINGS = NO;
				SWIFT_VERSION = 5.0;
				TARGETED_DEVICE_FAMILY = "1,2";
				TEST_HOST = "$(BUILT_PRODUCTS_DIR)/Memopad.app/Memopad";
			};
			name = Release;
		};
		0BCEF28828B83C65003D79BD /* Debug */ = {
			isa = XCBuildConfiguration;
			buildSettings = {
				ALWAYS_EMBED_SWIFT_STANDARD_LIBRARIES = YES;
				CODE_SIGN_STYLE = Automatic;
				CURRENT_PROJECT_VERSION = 1;
				GENERATE_INFOPLIST_FILE = YES;
				MARKETING_VERSION = 1.0;
				PRODUCT_BUNDLE_IDENTIFIER = com.litech.MemopadUITests;
				PRODUCT_NAME = "$(TARGET_NAME)";
				SWIFT_EMIT_LOC_STRINGS = NO;
				SWIFT_VERSION = 5.0;
				TARGETED_DEVICE_FAMILY = "1,2";
				TEST_TARGET_NAME = Memopad;
			};
			name = Debug;
		};
		0BCEF28928B83C65003D79BD /* Release */ = {
			isa = XCBuildConfiguration;
			buildSettings = {
				ALWAYS_EMBED_SWIFT_STANDARD_LIBRARIES = YES;
				CODE_SIGN_STYLE = Automatic;
				CURRENT_PROJECT_VERSION = 1;
				GENERATE_INFOPLIST_FILE = YES;
				MARKETING_VERSION = 1.0;
				PRODUCT_BUNDLE_IDENTIFIER = com.litech.MemopadUITests;
				PRODUCT_NAME = "$(TARGET_NAME)";
				SWIFT_EMIT_LOC_STRINGS = NO;
				SWIFT_VERSION = 5.0;
				TARGETED_DEVICE_FAMILY = "1,2";
				TEST_TARGET_NAME = Memopad;
			};
			name = Release;
		};
/* End XCBuildConfiguration section */

/* Begin XCConfigurationList section */
		0BCEF25228B83C64003D79BD /* Build configuration list for PBXProject "Memopad" */ = {
			isa = XCConfigurationList;
			buildConfigurations = (
				0BCEF27F28B83C65003D79BD /* Debug */,
				0BCEF28028B83C65003D79BD /* Release */,
			);
			defaultConfigurationIsVisible = 0;
			defaultConfigurationName = Release;
		};
		0BCEF28128B83C65003D79BD /* Build configuration list for PBXNativeTarget "Memopad" */ = {
			isa = XCConfigurationList;
			buildConfigurations = (
				0BCEF28228B83C65003D79BD /* Debug */,
				0BCEF28328B83C65003D79BD /* Release */,
			);
			defaultConfigurationIsVisible = 0;
			defaultConfigurationName = Release;
		};
		0BCEF28428B83C65003D79BD /* Build configuration list for PBXNativeTarget "MemopadTests" */ = {
			isa = XCConfigurationList;
			buildConfigurations = (
				0BCEF28528B83C65003D79BD /* Debug */,
				0BCEF28628B83C65003D79BD /* Release */,
			);
			defaultConfigurationIsVisible = 0;
			defaultConfigurationName = Release;
		};
		0BCEF28728B83C65003D79BD /* Build configuration list for PBXNativeTarget "MemopadUITests" */ = {
			isa = XCConfigurationList;
			buildConfigurations = (
				0BCEF28828B83C65003D79BD /* Debug */,
				0BCEF28928B83C65003D79BD /* Release */,
			);
			defaultConfigurationIsVisible = 0;
			defaultConfigurationName = Release;
		};
/* End XCConfigurationList section */
	};
	rootObject = 0BCEF24F28B83C64003D79BD /* Project object */;
}
